
Microsoft Visual Studio Solution File, Format Version 12.00
# Visual Studio Version 17
VisualStudioVersion = 17.4.33213.308
MinimumVisualStudioVersion = 10.0.40219.1
Project("{FAE04EC0-301F-11D3-BF4B-00C04F79EFBC}") = "SirGerbain_TruckDriverInDistress", "SirGerbain_TruckDriverInDistress.csproj", "{9BAD3F9C-1AAF-4661-B08E-84DB9E075FC0}"
EndProject
Global
	GlobalSection(SolutionConfigurationPlatforms) = preSolution
		Debug|Any CPU = Debug|Any CPU
		Release|Any CPU = Release|Any CPU
	EndGlobalSection
	GlobalSection(ProjectConfigurationPlatforms) = postSolution
		{9BAD3F9C-1AAF-4661-B08E-84DB9E075FC0}.Debug|Any CPU.ActiveCfg = Debug|Any CPU
		{9BAD3F9C-1AAF-4661-B08E-84DB9E075FC0}.Debug|Any CPU.Build.0 = Debug|Any CPU
		{9BAD3F9C-1AAF-4661-B08E-84DB9E075FC0}.Release|Any CPU.ActiveCfg = Release|Any CPU
		{9BAD3F9C-1AAF-4661-B08E-84DB9E075FC0}.Release|Any CPU.Build.0 = Release|Any CPU
	EndGlobalSection
	GlobalSection(SolutionProperties) = preSolution
		HideSolutionNode = FALSE
	EndGlobalSection
	GlobalSection(ExtensibilityGlobals) = postSolution
		SolutionGuid = {E2EC4AE3-152A-4D6C-89BA-52A9006B03EB}
	EndGlobalSection
EndGlobal
